
Microsoft Visual Studio Solution File, Format Version 12.00
# Visual Studio 15
VisualStudioVersion = 15.0.27703.2035
MinimumVisualStudioVersion = 10.0.40219.1
Project("{9A19103F-16F7-4668-BE54-9A1E7A4F7556}") = "Retrospective", "Retrospective\Retrospective.csproj", "{8850C6AD-BB2A-419E-B2E9-F3B8E65D013A}"
EndProject
Global
	GlobalSection(SolutionConfigurationPlatforms) = preSolution
		Debug|Any CPU = Debug|Any CPU
		Release|Any CPU = Release|Any CPU
	EndGlobalSection
	GlobalSection(ProjectConfigurationPlatforms) = postSolution
		{8850C6AD-BB2A-419E-B2E9-F3B8E65D013A}.Debug|Any CPU.ActiveCfg = Debug|Any CPU
		{8850C6AD-BB2A-419E-B2E9-F3B8E65D013A}.Debug|Any CPU.Build.0 = Debug|Any CPU
		{8850C6AD-BB2A-419E-B2E9-F3B8E65D013A}.Release|Any CPU.ActiveCfg = Release|Any CPU
		{8850C6AD-BB2A-419E-B2E9-F3B8E65D013A}.Release|Any CPU.Build.0 = Release|Any CPU
	EndGlobalSection
	GlobalSection(SolutionProperties) = preSolution
		HideSolutionNode = FALSE
	EndGlobalSection
	GlobalSection(ExtensibilityGlobals) = postSolution
		SolutionGuid = {7276D29A-C21D-4F4F-80BE-ED9CCE7B67CA}
	EndGlobalSection
EndGlobal
